// !$*UTF8*$!
{
	archiveVersion = 1;
	classes = {
	};
	objectVersion = 46;
	objects = {

/* Begin PBXBuildFile section */
		FD08E3501D19F8B7007529C2 /* AppDelegate.swift in Sources */ = {isa = PBXBuildFile; fileRef = FD08E34F1D19F8B7007529C2 /* AppDelegate.swift */; };
		FD08E3521D19F8B7007529C2 /* ViewController.swift in Sources */ = {isa = PBXBuildFile; fileRef = FD08E3511D19F8B7007529C2 /* ViewController.swift */; };
		FD08E3551D19F8B7007529C2 /* Main.storyboard in Resources */ = {isa = PBXBuildFile; fileRef = FD08E3531D19F8B7007529C2 /* Main.storyboard */; };
		FD08E3571D19F8B7007529C2 /* Assets.xcassets in Resources */ = {isa = PBXBuildFile; fileRef = FD08E3561D19F8B7007529C2 /* Assets.xcassets */; };
		FD08E35A1D19F8B7007529C2 /* LaunchScreen.storyboard in Resources */ = {isa = PBXBuildFile; fileRef = FD08E3581D19F8B7007529C2 /* LaunchScreen.storyboard */; };
		FD08E3621D19F8E8007529C2 /* GitHubFriend.swift in Sources */ = {isa = PBXBuildFile; fileRef = FD08E3611D19F8E8007529C2 /* GitHubFriend.swift */; };
		FD08E3641D19F8F3007529C2 /* Constants.swift in Sources */ = {isa = PBXBuildFile; fileRef = FD08E3631D19F8F3007529C2 /* Constants.swift */; };
/* End PBXBuildFile section */

/* Begin PBXFileReference section */
		FD08E34C1D19F8B7007529C2 /* GitFriendsApp2.app */ = {isa = PBXFileReference; explicitFileType = wrapper.application; includeInIndex = 0; path = GitFriendsApp2.app; sourceTree = BUILT_PRODUCTS_DIR; };
		FD08E34F1D19F8B7007529C2 /* AppDelegate.swift */ = {isa = PBXFileReference; lastKnownFileType = sourcecode.swift; path = AppDelegate.swift; sourceTree = "<group>"; };
		FD08E3511D19F8B7007529C2 /* ViewController.swift */ = {isa = PBXFileReference; lastKnownFileType = sourcecode.swift; path = ViewController.swift; sourceTree = "<group>"; };
		FD08E3541D19F8B7007529C2 /* Base */ = {isa = PBXFileReference; lastKnownFileType = file.storyboard; name = Base; path = Base.lproj/Main.storyboard; sourceTree = "<group>"; };
		FD08E3561D19F8B7007529C2 /* Assets.xcassets */ = {isa = PBXFileReference; lastKnownFileType = folder.assetcatalog; path = Assets.xcassets; sourceTree = "<group>"; };
		FD08E3591D19F8B7007529C2 /* Base */ = {isa = PBXFileReference; lastKnownFileType = file.storyboard; name = Base; path = Base.lproj/LaunchScreen.storyboard; sourceTree = "<group>"; };
		FD08E35B1D19F8B7007529C2 /* Info.plist */ = {isa = PBXFileReference; lastKnownFileType = text.plist.xml; path = Info.plist; sourceTree = "<group>"; };
		FD08E3611D19F8E8007529C2 /* GitHubFriend.swift */ = {isa = PBXFileReference; fileEncoding = 4; lastKnownFileType = sourcecode.swift; path = GitHubFriend.swift; sourceTree = "<group>"; };
		FD08E3631D19F8F3007529C2 /* Constants.swift */ = {isa = PBXFileReference; fileEncoding = 4; lastKnownFileType = sourcecode.swift; path = Constants.swift; sourceTree = "<group>"; };
/* End PBXFileReference section */

/* Begin PBXFrameworksBuildPhase section */
		FD08E3491D19F8B7007529C2 /* Frameworks */ = {
			isa = PBXFrameworksBuildPhase;
			buildActionMask = 2147483647;
			files = (
			);
			runOnlyForDeploymentPostprocessing = 0;
		};
/* End PBXFrameworksBuildPhase section */

/* Begin PBXGroup section */
		FD08E3431D19F8B7007529C2 = {
			isa = PBXGroup;
			children = (
				FD08E34E1D19F8B7007529C2 /* GitFriendsApp2 */,
				FD08E34D1D19F8B7007529C2 /* Products */,
			);
			sourceTree = "<group>";
		};
		FD08E34D1D19F8B7007529C2 /* Products */ = {
			isa = PBXGroup;
			children = (
				FD08E34C1D19F8B7007529C2 /* GitFriendsApp2.app */,
			);
			name = Products;
			sourceTree = "<group>";
		};
		FD08E34E1D19F8B7007529C2 /* GitFriendsApp2 */ = {
			isa = PBXGroup;
			children = (
				FD08E34F1D19F8B7007529C2 /* AppDelegate.swift */,
				FD08E3511D19F8B7007529C2 /* ViewController.swift */,
				FD08E3631D19F8F3007529C2 /* Constants.swift */,
				FD08E3611D19F8E8007529C2 /* GitHubFriend.swift */,
				FD08E3531D19F8B7007529C2 /* Main.storyboard */,
				FD08E3561D19F8B7007529C2 /* Assets.xcassets */,
				FD08E3581D19F8B7007529C2 /* LaunchScreen.storyboard */,
				FD08E35B1D19F8B7007529C2 /* Info.plist */,
			);
			path = GitFriendsApp2;
			sourceTree = "<group>";
		};
/* End PBXGroup section */

/* Begin PBXNativeTarget section */
		FD08E34B1D19F8B7007529C2 /* GitFriendsApp2 */ = {
			isa = PBXNativeTarget;
			buildConfigurationList = FD08E35E1D19F8B7007529C2 /* Build configuration list for PBXNativeTarget "GitFriendsApp2" */;
			buildPhases = (
				FD08E3481D19F8B7007529C2 /* Sources */,
				FD08E3491D19F8B7007529C2 /* Frameworks */,
				FD08E34A1D19F8B7007529C2 /* Resources */,
			);
			buildRules = (
			);
			dependencies = (
			);
			name = GitFriendsApp2;
			productName = GitFriendsApp2;
			productReference = FD08E34C1D19F8B7007529C2 /* GitFriendsApp2.app */;
			productType = "com.apple.product-type.application";
		};
/* End PBXNativeTarget section */

/* Begin PBXProject section */
		FD08E3441D19F8B7007529C2 /* Project object */ = {
			isa = PBXProject;
			attributes = {
				LastSwiftUpdateCheck = 0730;
				LastUpgradeCheck = 0730;
				ORGANIZATIONNAME = "Taylor Frost";
				TargetAttributes = {
					FD08E34B1D19F8B7007529C2 = {
						CreatedOnToolsVersion = 7.3.1;
					};
				};
			};
			buildConfigurationList = FD08E3471D19F8B7007529C2 /* Build configuration list for PBXProject "GitFriendsApp2" */;
			compatibilityVersion = "Xcode 3.2";
			developmentRegion = English;
			hasScannedForEncodings = 0;
			knownRegions = (
				en,
				Base,
			);
			mainGroup = FD08E3431D19F8B7007529C2;
			productRefGroup = FD08E34D1D19F8B7007529C2 /* Products */;
			projectDirPath = "";
			projectRoot = "";
			targets = (
				FD08E34B1D19F8B7007529C2 /* GitFriendsApp2 */,
			);
		};
/* End PBXProject section */

/* Begin PBXResourcesBuildPhase section */
		FD08E34A1D19F8B7007529C2 /* Resources */ = {
			isa = PBXResourcesBuildPhase;
			buildActionMask = 2147483647;
			files = (
				FD08E35A1D19F8B7007529C2 /* LaunchScreen.storyboard in Resources */,
				FD08E3571D19F8B7007529C2 /* Assets.xcassets in Resources */,
				FD08E3551D19F8B7007529C2 /* Main.storyboard in Resources */,
			);
			runOnlyForDeploymentPostprocessing = 0;
		};
/* End PBXResourcesBuildPhase section */

/* Begin PBXSourcesBuildPhase section */
		FD08E3481D19F8B7007529C2 /* Sources */ = {
			isa = PBXSourcesBuildPhase;
			buildActionMask = 2147483647;
			files = (
				FD08E3521D19F8B7007529C2 /* ViewController.swift in Sources */,
				FD08E3621D19F8E8007529C2 /* GitHubFriend.swift in Sources */,
				FD08E3501D19F8B7007529C2 /* AppDelegate.swift in Sources */,
				FD08E3641D19F8F3007529C2 /* Constants.swift in Sources */,
			);
			runOnlyForDeploymentPostprocessing = 0;
		};
/* End PBXSourcesBuildPhase section */

/* Begin PBXVariantGroup section */
		FD08E3531D19F8B7007529C2 /* Main.storyboard */ = {
			isa = PBXVariantGroup;
			children = (
				FD08E3541D19F8B7007529C2 /* Base */,
			);
			name = Main.storyboard;
			sourceTree = "<group>";
		};
		FD08E3581D19F8B7007529C2 /* LaunchScreen.storyboard */ = {
			isa = PBXVariantGroup;
			children = (
				FD08E3591D19F8B7007529C2 /* Base */,
			);
			name = LaunchScreen.storyboard;
			sourceTree = "<group>";
		};
/* End PBXVariantGroup section */

/* Begin XCBuildConfiguration section */
		FD08E35C1D19F8B7007529C2 /* Debug */ = {
			isa = XCBuildConfiguration;
			buildSettings = {
				ALWAYS_SEARCH_USER_PATHS = NO;
				CLANG_ANALYZER_NONNULL = YES;
				CLANG_CXX_LANGUAGE_STANDARD = "gnu++0x";
				CLANG_CXX_LIBRARY = "libc++";
				CLANG_ENABLE_MODULES = YES;
				CLANG_ENABLE_OBJC_ARC = YES;
				CLANG_WARN_BOOL_CONVERSION = YES;
				CLANG_WARN_CONSTANT_CONVERSION = YES;
				CLANG_WARN_DIRECT_OBJC_ISA_USAGE = YES_ERROR;
				CLANG_WARN_EMPTY_BODY = YES;
				CLANG_WARN_ENUM_CONVERSION = YES;
				CLANG_WARN_INT_CONVERSION = YES;
				CLANG_WARN_OBJC_ROOT_CLASS = YES_ERROR;
				CLANG_WARN_UNREACHABLE_CODE = YES;
				CLANG_WARN__DUPLICATE_METHOD_MATCH = YES;
				"CODE_SIGN_IDENTITY[sdk=iphoneos*]" = "iPhone Developer";
				COPY_PHASE_STRIP = NO;
				DEBUG_INFORMATION_FORMAT = dwarf;
				ENABLE_STRICT_OBJC_MSGSEND = YES;
				ENABLE_TESTABILITY = YES;
				GCC_C_LANGUAGE_STANDARD = gnu99;
				GCC_DYNAMIC_NO_PIC = NO;
				GCC_NO_COMMON_BLOCKS = YES;
				GCC_OPTIMIZATION_LEVEL = 0;
				GCC_PREPROCESSOR_DEFINITIONS = (
					"DEBUG=1",
					"$(inherited)",
				);
				GCC_WARN_64_TO_32_BIT_CONVERSION = YES;
				GCC_WARN_ABOUT_RETURN_TYPE = YES_ERROR;
				GCC_WARN_UNDECLARED_SELECTOR = YES;
				GCC_WARN_UNINITIALIZED_AUTOS = YES_AGGRESSIVE;
				GCC_WARN_UNUSED_FUNCTION = YES;
				GCC_WARN_UNUSED_VARIABLE = YES;
				IPHONEOS_DEPLOYMENT_TARGET = 9.3;
				MTL_ENABLE_DEBUG_INFO = YES;
				ONLY_ACTIVE_ARCH = YES;
				SDKROOT = iphoneos;
				SWIFT_OPTIMIZATION_LEVEL = "-Onone";
			};
			name = Debug;
		};
		FD08E35D1D19F8B7007529C2 /* Release */ = {
			isa = XCBuildConfiguration;
			buildSettings = {
				ALWAYS_SEARCH_USER_PATHS = NO;
				CLANG_ANALYZER_NONNULL = YES;
				CLANG_CXX_LANGUAGE_STANDARD = "gnu++0x";
				CLANG_CXX_LIBRARY = "libc++";
				CLANG_ENABLE_MODULES = YES;
				CLANG_ENABLE_OBJC_ARC = YES;
				CLANG_WARN_BOOL_CONVERSION = YES;
				CLANG_WARN_CONSTANT_CONVERSION = YES;
				CLANG_WARN_DIRECT_OBJC_ISA_USAGE = YES_ERROR;
				CLANG_WARN_EMPTY_BODY = YES;
				CLANG_WARN_ENUM_CONVERSION = YES;
				CLANG_WARN_INT_CONVERSION = YES;
				CLANG_WARN_OBJC_ROOT_CLASS = YES_ERROR;
				CLANG_WARN_UNREACHABLE_CODE = YES;
				CLANG_WARN__DUPLICATE_METHOD_MATCH = YES;
				"CODE_SIGN_IDENTITY[sdk=iphoneos*]" = "iPhone Developer";
				COPY_PHASE_STRIP = NO;
				DEBUG_INFORMATION_FORMAT = "dwarf-with-dsym";
				ENABLE_NS_ASSERTIONS = NO;
				ENABLE_STRICT_OBJC_MSGSEND = YES;
				GCC_C_LANGUAGE_STANDARD = gnu99;
				GCC_NO_COMMON_BLOCKS = YES;
				GCC_WARN_64_TO_32_BIT_CONVERSION = YES;
				GCC_WARN_ABOUT_RETURN_TYPE = YES_ERROR;
				GCC_WARN_UNDECLARED_SELECTOR = YES;
				GCC_WARN_UNINITIALIZED_AUTOS = YES_AGGRESSIVE;
				GCC_WARN_UNUSED_FUNCTION = YES;
				GCC_WARN_UNUSED_VARIABLE = YES;
				IPHONEOS_DEPLOYMENT_TARGET = 9.3;
				MTL_ENABLE_DEBUG_INFO = NO;
				SDKROOT = iphoneos;
				VALIDATE_PRODUCT = YES;
			};
			name = Release;
		};
		FD08E35F1D19F8B7007529C2 /* Debug */ = {
			isa = XCBuildConfiguration;
			buildSettings = {
				ASSETCATALOG_COMPILER_APPICON_NAME = AppIcon;
				INFOPLIST_FILE = GitFriendsApp2/Info.plist;
				LD_RUNPATH_SEARCH_PATHS = "$(inherited) @executable_path/Frameworks";
				PRODUCT_BUNDLE_IDENTIFIER = FrostEnterprises.GitFriendsApp2;
				PRODUCT_NAME = "$(TARGET_NAME)";
			};
			name = Debug;
		};
		FD08E3601D19F8B7007529C2 /* Release */ = {
			isa = XCBuildConfiguration;
			buildSettings = {
				ASSETCATALOG_COMPILER_APPICON_NAME = AppIcon;
				INFOPLIST_FILE = GitFriendsApp2/Info.plist;
				LD_RUNPATH_SEARCH_PATHS = "$(inherited) @executable_path/Frameworks";
				PRODUCT_BUNDLE_IDENTIFIER = FrostEnterprises.GitFriendsApp2;
				PRODUCT_NAME = "$(TARGET_NAME)";
			};
			name = Release;
		};
/* End XCBuildConfiguration section */

/* Begin XCConfigurationList section */
		FD08E3471D19F8B7007529C2 /* Build configuration list for PBXProject "GitFriendsApp2" */ = {
			isa = XCConfigurationList;
			buildConfigurations = (
				FD08E35C1D19F8B7007529C2 /* Debug */,
				FD08E35D1D19F8B7007529C2 /* Release */,
			);
			defaultConfigurationIsVisible = 0;
			defaultConfigurationName = Release;
		};
		FD08E35E1D19F8B7007529C2 /* Build configuration list for PBXNativeTarget "GitFriendsApp2" */ = {
			isa = XCConfigurationList;
			buildConfigurations = (
				FD08E35F1D19F8B7007529C2 /* Debug */,
				FD08E3601D19F8B7007529C2 /* Release */,
			);
			defaultConfigurationIsVisible = 0;
		};
/* End XCConfigurationList section */
	};
	rootObject = FD08E3441D19F8B7007529C2 /* Project object */;
}
